
Microsoft Visual Studio Solution File, Format Version 11.00
# Visual Studio 2010
Project("{8BC9CEB8-8B4A-11D0-8D11-00A0C91BC942}") = "VisionDll", "VisionDll.vcxproj", "{CBE84F42-1317-4540-8555-65061DB57141}"
EndProject
Project("{8BC9CEB8-8B4A-11D0-8D11-00A0C91BC942}") = "VisionShapeModel", "..\..\VisionShapeModel\code\VisionShapeModel.vcxproj", "{B23FF560-462A-418F-AA35-2CD10C6FE649}"
EndProject
Project("{8BC9CEB8-8B4A-11D0-8D11-00A0C91BC942}") = "VisionFitLine", "..\..\VisionFitLine\code\VisionFitLine.vcxproj", "{8253C2D3-CE8E-4B07-AEDF-9B28C39B6E91}"
EndProject
Global
	GlobalSection(SolutionConfigurationPlatforms) = preSolution
		Debug|Win32 = Debug|Win32
		Debug|x64 = Debug|x64
		Release|Win32 = Release|Win32
		Release|x64 = Release|x64
	EndGlobalSection
	GlobalSection(ProjectConfigurationPlatforms) = postSolution
		{CBE84F42-1317-4540-8555-65061DB57141}.Debug|Win32.ActiveCfg = Debug|Win32
		{CBE84F42-1317-4540-8555-65061DB57141}.Debug|Win32.Build.0 = Debug|Win32
		{CBE84F42-1317-4540-8555-65061DB57141}.Debug|x64.ActiveCfg = Debug|x64
		{CBE84F42-1317-4540-8555-65061DB57141}.Debug|x64.Build.0 = Debug|x64
		{CBE84F42-1317-4540-8555-65061DB57141}.Release|Win32.ActiveCfg = Release|Win32
		{CBE84F42-1317-4540-8555-65061DB57141}.Release|Win32.Build.0 = Release|Win32
		{CBE84F42-1317-4540-8555-65061DB57141}.Release|x64.ActiveCfg = Release|x64
		{CBE84F42-1317-4540-8555-65061DB57141}.Release|x64.Build.0 = Release|x64
		{B23FF560-462A-418F-AA35-2CD10C6FE649}.Debug|Win32.ActiveCfg = Debug|Win32
		{B23FF560-462A-418F-AA35-2CD10C6FE649}.Debug|Win32.Build.0 = Debug|Win32
		{B23FF560-462A-418F-AA35-2CD10C6FE649}.Debug|x64.ActiveCfg = Debug|x64
		{B23FF560-462A-418F-AA35-2CD10C6FE649}.Debug|x64.Build.0 = Debug|x64
		{B23FF560-462A-418F-AA35-2CD10C6FE649}.Release|Win32.ActiveCfg = Release|Win32
		{B23FF560-462A-418F-AA35-2CD10C6FE649}.Release|Win32.Build.0 = Release|Win32
		{B23FF560-462A-418F-AA35-2CD10C6FE649}.Release|x64.ActiveCfg = Release|x64
		{B23FF560-462A-418F-AA35-2CD10C6FE649}.Release|x64.Build.0 = Release|x64
		{8253C2D3-CE8E-4B07-AEDF-9B28C39B6E91}.Debug|Win32.ActiveCfg = Debug|Win32
		{8253C2D3-CE8E-4B07-AEDF-9B28C39B6E91}.Debug|Win32.Build.0 = Debug|Win32
		{8253C2D3-CE8E-4B07-AEDF-9B28C39B6E91}.Debug|x64.ActiveCfg = Debug|x64
		{8253C2D3-CE8E-4B07-AEDF-9B28C39B6E91}.Debug|x64.Build.0 = Debug|x64
		{8253C2D3-CE8E-4B07-AEDF-9B28C39B6E91}.Release|Win32.ActiveCfg = Release|Win32
		{8253C2D3-CE8E-4B07-AEDF-9B28C39B6E91}.Release|Win32.Build.0 = Release|Win32
		{8253C2D3-CE8E-4B07-AEDF-9B28C39B6E91}.Release|x64.ActiveCfg = Release|x64
		{8253C2D3-CE8E-4B07-AEDF-9B28C39B6E91}.Release|x64.Build.0 = Release|x64
	EndGlobalSection
	GlobalSection(SolutionProperties) = preSolution
		HideSolutionNode = FALSE
	EndGlobalSection
EndGlobal
