<?xml version="1.0" encoding="utf-8"?>
<Project ToolsVersion="4.0" xmlns="http://schemas.microsoft.com/developer/msbuild/2003">
  <ItemGroup>
    <Filter Include="源文件">
      <UniqueIdentifier>{4FC737F1-C7A5-4376-A066-2A32D752A2FF}</UniqueIdentifier>
      <Extensions>cpp;c;cc;cxx;def;odl;idl;hpj;bat;asm;asmx</Extensions>
    </Filter>
    <Filter Include="头文件">
      <UniqueIdentifier>{93995380-89BD-4b04-88EB-625FBE52EBFB}</UniqueIdentifier>
      <Extensions>h;hpp;hxx;hm;inl;inc;xsd</Extensions>
    </Filter>
    <Filter Include="资源文件">
      <UniqueIdentifier>{67DA6AB6-F800-4c08-8B7A-83BB121AAD01}</UniqueIdentifier>
      <Extensions>rc;ico;cur;bmp;dlg;rc2;rct;bin;rgs;gif;jpg;jpeg;jpe;resx;tiff;tif;png;wav;mfcribbon-ms</Extensions>
    </Filter>
    <Filter Include="control">
      <UniqueIdentifier>{3c1d6643-c3f1-44b1-910f-bf7179b790fe}</UniqueIdentifier>
    </Filter>
    <Filter Include="control2">
      <UniqueIdentifier>{90225f31-f4ae-430a-92f5-1bbd34645e52}</UniqueIdentifier>
    </Filter>
    <Filter Include="vision">
      <UniqueIdentifier>{abc5b6d9-3f48-41fe-8cc0-4993aa5bc380}</UniqueIdentifier>
    </Filter>
  </ItemGroup>
  <ItemGroup>
    <None Include="ReadMe.txt" />
    <None Include="VisionCommWrite.def">
      <Filter>源文件</Filter>
    </None>
    <None Include="res\VisionCommWrite.rc2">
      <Filter>资源文件</Filter>
    </None>
    <None Include="res\Cancel.ico">
      <Filter>资源文件</Filter>
    </None>
    <None Include="res\Cycle.ico">
      <Filter>资源文件</Filter>
    </None>
    <None Include="res\Load.ico">
      <Filter>资源文件</Filter>
    </None>
    <None Include="res\Save.ico">
      <Filter>资源文件</Filter>
    </None>
    <None Include="res\TstRun.ico">
      <Filter>资源文件</Filter>
    </None>
  </ItemGroup>
  <ItemGroup>
    <ClCompile Include="VisionCommWrite.cpp">
      <Filter>源文件</Filter>
    </ClCompile>
    <ClCompile Include="stdafx.cpp">
      <Filter>源文件</Filter>
    </ClCompile>
    <ClCompile Include="..\..\..\..\inc\control\BCMenu.cpp">
      <Filter>control</Filter>
    </ClCompile>
    <ClCompile Include="..\..\..\..\inc\control\BitmapCtrl.cpp">
      <Filter>control</Filter>
    </ClCompile>
    <ClCompile Include="..\..\..\..\inc\control\BtnST.cpp">
      <Filter>control</Filter>
    </ClCompile>
    <ClCompile Include="..\..\..\..\inc\control\ControlToolTip.cpp">
      <Filter>control</Filter>
    </ClCompile>
    <ClCompile Include="..\..\..\..\inc\control\HeaderCtrlCl.cpp">
      <Filter>control</Filter>
    </ClCompile>
    <ClCompile Include="..\..\..\..\inc\control\Led.cpp">
      <Filter>control</Filter>
    </ClCompile>
    <ClCompile Include="..\..\..\..\inc\control\ListBoxST.cpp">
      <Filter>control</Filter>
    </ClCompile>
    <ClCompile Include="..\..\..\..\inc\control\ListCtrlCl.cpp">
      <Filter>control</Filter>
    </ClCompile>
    <ClCompile Include="..\..\..\..\inc\control\MyTab.cpp">
      <Filter>control</Filter>
    </ClCompile>
    <ClCompile Include="..\..\..\..\inc\control\NewLabel.cpp">
      <Filter>control</Filter>
    </ClCompile>
    <ClCompile Include="..\..\..\..\inc\control\ProSliderCtrl.cpp">
      <Filter>control</Filter>
    </ClCompile>
    <ClCompile Include="..\..\..\..\inc\control\SkinComboBox.cpp">
      <Filter>control</Filter>
    </ClCompile>
    <ClCompile Include="..\..\..\..\inc\control\SkinControl.cpp">
      <Filter>control</Filter>
    </ClCompile>
    <ClCompile Include="..\..\..\..\inc\control\SkinRadio.cpp">
      <Filter>control</Filter>
    </ClCompile>
    <ClCompile Include="..\..\..\..\inc\control\WinXPButtonST.cpp">
      <Filter>control</Filter>
    </ClCompile>
    <ClCompile Include="..\..\..\..\inc\control2\CheckEx.cpp">
      <Filter>control2</Filter>
    </ClCompile>
    <ClCompile Include="..\..\..\..\inc\control2\LabelEx.cpp">
      <Filter>control2</Filter>
    </ClCompile>
    <ClCompile Include="..\..\..\..\inc\control2\ListBoxEx.cpp">
      <Filter>control2</Filter>
    </ClCompile>
    <ClCompile Include="..\..\..\..\inc\control2\RadioEx.cpp">
      <Filter>control2</Filter>
    </ClCompile>
    <ClCompile Include="..\..\..\..\inc\control2\ScrollBarEx.cpp">
      <Filter>control2</Filter>
    </ClCompile>
    <ClCompile Include="ModuleDevelopHelper.cpp">
      <Filter>源文件</Filter>
    </ClCompile>
    <ClCompile Include="VisionCommWriteInterface.cpp">
      <Filter>源文件</Filter>
    </ClCompile>
    <ClCompile Include="MainDlg.cpp">
      <Filter>源文件</Filter>
    </ClCompile>
    <ClCompile Include="Para1Dlg.cpp">
      <Filter>源文件</Filter>
    </ClCompile>
  </ItemGroup>
  <ItemGroup>
    <ClInclude Include="VisionCommWrite.h">
      <Filter>头文件</Filter>
    </ClInclude>
    <ClInclude Include="stdafx.h">
      <Filter>头文件</Filter>
    </ClInclude>
    <ClInclude Include="targetver.h">
      <Filter>头文件</Filter>
    </ClInclude>
    <ClInclude Include="Resource.h">
      <Filter>头文件</Filter>
    </ClInclude>
    <ClInclude Include="..\..\..\..\inc\control\BCMenu.h">
      <Filter>control</Filter>
    </ClInclude>
    <ClInclude Include="..\..\..\..\inc\control\BitmapCtrl.h">
      <Filter>control</Filter>
    </ClInclude>
    <ClInclude Include="..\..\..\..\inc\control\BtnST.h">
      <Filter>control</Filter>
    </ClInclude>
    <ClInclude Include="..\..\..\..\inc\control\ControlToolTip.h">
      <Filter>control</Filter>
    </ClInclude>
    <ClInclude Include="..\..\..\..\inc\control\HeaderCtrlCl.h">
      <Filter>control</Filter>
    </ClInclude>
    <ClInclude Include="..\..\..\..\inc\control\Led.h">
      <Filter>control</Filter>
    </ClInclude>
    <ClInclude Include="..\..\..\..\inc\control\ListBoxST.h">
      <Filter>control</Filter>
    </ClInclude>
    <ClInclude Include="..\..\..\..\inc\control\ListCtrlCl.h">
      <Filter>control</Filter>
    </ClInclude>
    <ClInclude Include="..\..\..\..\inc\control\MyTab.h">
      <Filter>control</Filter>
    </ClInclude>
    <ClInclude Include="..\..\..\..\inc\control\NewLabel.h">
      <Filter>control</Filter>
    </ClInclude>
    <ClInclude Include="..\..\..\..\inc\control\ProSliderCtrl.h">
      <Filter>control</Filter>
    </ClInclude>
    <ClInclude Include="..\..\..\..\inc\control\SkinClass.h">
      <Filter>control</Filter>
    </ClInclude>
    <ClInclude Include="..\..\..\..\inc\control\SkinRadio.h">
      <Filter>control</Filter>
    </ClInclude>
    <ClInclude Include="..\..\..\..\inc\control\WinXPButtonST.h">
      <Filter>control</Filter>
    </ClInclude>
    <ClInclude Include="..\..\..\..\inc\control2\CheckEx.h">
      <Filter>control2</Filter>
    </ClInclude>
    <ClInclude Include="..\..\..\..\inc\control2\LabelEx.h">
      <Filter>control2</Filter>
    </ClInclude>
    <ClInclude Include="..\..\..\..\inc\control2\ListBoxEx.h">
      <Filter>control2</Filter>
    </ClInclude>
    <ClInclude Include="..\..\..\..\inc\control2\RadioEx.h">
      <Filter>control2</Filter>
    </ClInclude>
    <ClInclude Include="..\..\..\..\inc\control2\ScrollBarEx.h">
      <Filter>control2</Filter>
    </ClInclude>
    <ClInclude Include="..\..\..\..\inc\vision\CommunicationBase.h">
      <Filter>vision</Filter>
    </ClInclude>
    <ClInclude Include="..\..\..\..\inc\vision\CommunicationData.h">
      <Filter>vision</Filter>
    </ClInclude>
    <ClInclude Include="..\..\..\..\inc\vision\ManageCommunication.h">
      <Filter>vision</Filter>
    </ClInclude>
    <ClInclude Include="..\..\..\..\inc\vision\ModuleDevelopH.h">
      <Filter>vision</Filter>
    </ClInclude>
    <ClInclude Include="..\..\..\..\inc\vision\ToolType.h">
      <Filter>vision</Filter>
    </ClInclude>
    <ClInclude Include="..\..\..\..\inc\vision\vCriticalSection.h">
      <Filter>vision</Filter>
    </ClInclude>
    <ClInclude Include="..\..\..\..\inc\vision\VisionData.h">
      <Filter>vision</Filter>
    </ClInclude>
    <ClInclude Include="..\..\..\..\inc\vision\VisionDefine.h">
      <Filter>vision</Filter>
    </ClInclude>
    <ClInclude Include="..\..\..\..\inc\vision\vMacro.h">
      <Filter>vision</Filter>
    </ClInclude>
    <ClInclude Include="..\..\..\..\inc\vision\VisionCommWriteBase.h">
      <Filter>vision</Filter>
    </ClInclude>
    <ClInclude Include="ModuleDevelopHelper.h">
      <Filter>头文件</Filter>
    </ClInclude>
    <ClInclude Include="VisionCommWriteInterface.h">
      <Filter>头文件</Filter>
    </ClInclude>
    <ClInclude Include="MainDlg.h">
      <Filter>头文件</Filter>
    </ClInclude>
    <ClInclude Include="Para1Dlg.h">
      <Filter>头文件</Filter>
    </ClInclude>
  </ItemGroup>
  <ItemGroup>
    <ResourceCompile Include="VisionCommWrite.rc">
      <Filter>资源文件</Filter>
    </ResourceCompile>
  </ItemGroup>
</Project>