
Microsoft Visual Studio Solution File, Format Version 11.00
# Visual Studio 2010
Project("{8BC9CEB8-8B4A-11D0-8D11-00A0C91BC942}") = "VisionModbusWrite", "VisionModbusWrite\VisionModbusWrite.vcxproj", "{436D6248-A115-4C43-852C-D6E167FE4497}"
EndProject
Global
	GlobalSection(SolutionConfigurationPlatforms) = preSolution
		Debug|Win32 = Debug|Win32
		Release|Win32 = Release|Win32
	EndGlobalSection
	GlobalSection(ProjectConfigurationPlatforms) = postSolution
		{436D6248-A115-4C43-852C-D6E167FE4497}.Debug|Win32.ActiveCfg = Debug|Win32
		{436D6248-A115-4C43-852C-D6E167FE4497}.Debug|Win32.Build.0 = Debug|Win32
		{436D6248-A115-4C43-852C-D6E167FE4497}.Release|Win32.ActiveCfg = Release|Win32
		{436D6248-A115-4C43-852C-D6E167FE4497}.Release|Win32.Build.0 = Release|Win32
	EndGlobalSection
	GlobalSection(SolutionProperties) = preSolution
		HideSolutionNode = FALSE
	EndGlobalSection
EndGlobal
